
Microsoft Visual Studio Solution File, Format Version 12.00
# Visual Studio 15
VisualStudioVersion = 15.0.27703.2026
MinimumVisualStudioVersion = 10.0.40219.1
Project("{FAE04EC0-301F-11D3-BF4B-00C04F79EFBC}") = "PrivateSausage.Web", "PrivateSausage.Web\PrivateSausage.Web.csproj", "{ADB216C7-650D-4E1E-9201-A286BED37808}"
EndProject
Global
	GlobalSection(SolutionConfigurationPlatforms) = preSolution
		Debug|Any CPU = Debug|Any CPU
		Release|Any CPU = Release|Any CPU
	EndGlobalSection
	GlobalSection(ProjectConfigurationPlatforms) = postSolution
		{ADB216C7-650D-4E1E-9201-A286BED37808}.Debug|Any CPU.ActiveCfg = Debug|Any CPU
		{ADB216C7-650D-4E1E-9201-A286BED37808}.Debug|Any CPU.Build.0 = Debug|Any CPU
		{ADB216C7-650D-4E1E-9201-A286BED37808}.Release|Any CPU.ActiveCfg = Release|Any CPU
		{ADB216C7-650D-4E1E-9201-A286BED37808}.Release|Any CPU.Build.0 = Release|Any CPU
	EndGlobalSection
	GlobalSection(SolutionProperties) = preSolution
		HideSolutionNode = FALSE
	EndGlobalSection
	GlobalSection(ExtensibilityGlobals) = postSolution
		SolutionGuid = {7067880E-BEC8-44CA-AD4D-5CDBAE827E77}
	EndGlobalSection
EndGlobal
